
Microsoft Visual Studio Solution File, Format Version 12.00
# Visual Studio Version 17
VisualStudioVersion = 17.9.34622.214
MinimumVisualStudioVersion = 10.0.40219.1
Project("{FAE04EC0-301F-11D3-BF4B-00C04F79EFBC}") = "EFComputerMaintenance", "EFComputerMaintenance\EFComputerMaintenance.csproj", "{121A29A0-12B2-4FF9-967D-16D1789E1718}"
EndProject
Global
	GlobalSection(SolutionConfigurationPlatforms) = preSolution
		Debug|Any CPU = Debug|Any CPU
		Release|Any CPU = Release|Any CPU
	EndGlobalSection
	GlobalSection(ProjectConfigurationPlatforms) = postSolution
		{121A29A0-12B2-4FF9-967D-16D1789E1718}.Debug|Any CPU.ActiveCfg = Debug|Any CPU
		{121A29A0-12B2-4FF9-967D-16D1789E1718}.Debug|Any CPU.Build.0 = Debug|Any CPU
		{121A29A0-12B2-4FF9-967D-16D1789E1718}.Release|Any CPU.ActiveCfg = Release|Any CPU
		{121A29A0-12B2-4FF9-967D-16D1789E1718}.Release|Any CPU.Build.0 = Release|Any CPU
	EndGlobalSection
	GlobalSection(SolutionProperties) = preSolution
		HideSolutionNode = FALSE
	EndGlobalSection
	GlobalSection(ExtensibilityGlobals) = postSolution
		SolutionGuid = {F4CFDD60-09A3-471F-8FF4-3F53C5250746}
	EndGlobalSection
EndGlobal
